
Microsoft Visual Studio Solution File, Format Version 12.00
# Visual Studio 2012
Project("{FAE04EC0-301F-11D3-BF4B-00C04F79EFBC}") = "CheckInator", "CheckInator\CheckInator.csproj", "{CCB9AA09-2F36-41C9-B3C8-081B879ED1F5}"
EndProject
Global
	GlobalSection(SolutionConfigurationPlatforms) = preSolution
		Debug|Any CPU = Debug|Any CPU
		Release|Any CPU = Release|Any CPU
	EndGlobalSection
	GlobalSection(ProjectConfigurationPlatforms) = postSolution
		{CCB9AA09-2F36-41C9-B3C8-081B879ED1F5}.Debug|Any CPU.ActiveCfg = Debug|Any CPU
		{CCB9AA09-2F36-41C9-B3C8-081B879ED1F5}.Debug|Any CPU.Build.0 = Debug|Any CPU
		{CCB9AA09-2F36-41C9-B3C8-081B879ED1F5}.Release|Any CPU.ActiveCfg = Release|Any CPU
		{CCB9AA09-2F36-41C9-B3C8-081B879ED1F5}.Release|Any CPU.Build.0 = Release|Any CPU
	EndGlobalSection
EndGlobal
